// !$*UTF8*$!
{
	archiveVersion = 1;
	classes = {
	};
	objectVersion = 46;
	objects = {

/* Begin PBXBuildFile section */
		0BCF989D21697016E00AE76E /* Pods_WDYZB.framework in Frameworks */ = {isa = PBXBuildFile; fileRef = 3372CECA0D055CA1FA2BDBA6 /* Pods_WDYZB.framework */; };
		AA1078B71ECE643D00F806E9 /* RecommendViewModel.swift in Sources */ = {isa = PBXBuildFile; fileRef = AA1078B61ECE643D00F806E9 /* RecommendViewModel.swift */; };
		AA1078B91ECE67C900F806E9 /* NSDate-Extension.swift in Sources */ = {isa = PBXBuildFile; fileRef = AA1078B81ECE67C900F806E9 /* NSDate-Extension.swift */; };
		AA39A1A71EBEEA4400CCE926 /* RecommendViewController.swift in Sources */ = {isa = PBXBuildFile; fileRef = AA39A1A61EBEEA4400CCE926 /* RecommendViewController.swift */; };
		AA39A1AA1EBF5ECF00CCE926 /* CollectionHeaderView.swift in Sources */ = {isa = PBXBuildFile; fileRef = AA39A1A81EBF5ECF00CCE926 /* CollectionHeaderView.swift */; };
		AA39A1AB1EBF5ED000CCE926 /* CollectionHeaderView.xib in Resources */ = {isa = PBXBuildFile; fileRef = AA39A1A91EBF5ECF00CCE926 /* CollectionHeaderView.xib */; };
		AA39A1AE1EBF797B00CCE926 /* CollectionNormalCell.swift in Sources */ = {isa = PBXBuildFile; fileRef = AA39A1AC1EBF797B00CCE926 /* CollectionNormalCell.swift */; };
		AA39A1AF1EBF797B00CCE926 /* CollectionNormalCell.xib in Resources */ = {isa = PBXBuildFile; fileRef = AA39A1AD1EBF797B00CCE926 /* CollectionNormalCell.xib */; };
		AA3B72871EC213F20028792C /* CollectionPrettyCell.swift in Sources */ = {isa = PBXBuildFile; fileRef = AA3B72851EC213F20028792C /* CollectionPrettyCell.swift */; };
		AA3B72881EC213F20028792C /* CollectionPrettyCell.xib in Resources */ = {isa = PBXBuildFile; fileRef = AA3B72861EC213F20028792C /* CollectionPrettyCell.xib */; };
		AA3B728C1EC3C9330028792C /* NetworkTools.swift in Sources */ = {isa = PBXBuildFile; fileRef = AA3B728B1EC3C9330028792C /* NetworkTools.swift */; };
		AA4681911EB8C63000484748 /* PageTitleView.swift in Sources */ = {isa = PBXBuildFile; fileRef = AA4681901EB8C63000484748 /* PageTitleView.swift */; };
		AA4681941EB8D39D00484748 /* UIBarButtonItem-Extension.swift in Sources */ = {isa = PBXBuildFile; fileRef = AA4681931EB8D39D00484748 /* UIBarButtonItem-Extension.swift */; };
		AA4681961EB8DD7400484748 /* Common.swift in Sources */ = {isa = PBXBuildFile; fileRef = AA4681951EB8DD7400484748 /* Common.swift */; };
		AA46819A1EBBE11300484748 /* UIColor-Extension.swift in Sources */ = {isa = PBXBuildFile; fileRef = AA4681991EBBE11300484748 /* UIColor-Extension.swift */; };
		AA46819C1EBBE9CE00484748 /* PageContentView.swift in Sources */ = {isa = PBXBuildFile; fileRef = AA46819B1EBBE9CE00484748 /* PageContentView.swift */; };
		AA74DA5F1EB327C300D373C4 /* Home.storyboard in Resources */ = {isa = PBXBuildFile; fileRef = AA74DA5D1EB327C300D373C4 /* Home.storyboard */; };
		AA74DA611EB327FC00D373C4 /* Live.storyboard in Resources */ = {isa = PBXBuildFile; fileRef = AA74DA601EB327FC00D373C4 /* Live.storyboard */; };
		AA74DA661EB328B100D373C4 /* Follow.storyboard in Resources */ = {isa = PBXBuildFile; fileRef = AA74DA651EB328B100D373C4 /* Follow.storyboard */; };
		AA74DA691EB328E100D373C4 /* Profile.storyboard in Resources */ = {isa = PBXBuildFile; fileRef = AA74DA671EB328E100D373C4 /* Profile.storyboard */; };
		AA74DA731EB3949900D373C4 /* MainViewController.swift in Sources */ = {isa = PBXBuildFile; fileRef = AA74DA701EB3949900D373C4 /* MainViewController.swift */; };
		AA74DA751EB3953800D373C4 /* HomeViewController.swift in Sources */ = {isa = PBXBuildFile; fileRef = AA74DA741EB3953800D373C4 /* HomeViewController.swift */; };
		AAC414061EB2BC7C005F1815 /* AppDelegate.swift in Sources */ = {isa = PBXBuildFile; fileRef = AAC414051EB2BC7C005F1815 /* AppDelegate.swift */; };
		AAC4140B1EB2BC7C005F1815 /* Main.storyboard in Resources */ = {isa = PBXBuildFile; fileRef = AAC414091EB2BC7C005F1815 /* Main.storyboard */; };
		AAC4140E1EB2BC7C005F1815 /* WDYZB.xcdatamodeld in Sources */ = {isa = PBXBuildFile; fileRef = AAC4140C1EB2BC7C005F1815 /* WDYZB.xcdatamodeld */; };
		AAC414101EB2BC7C005F1815 /* Assets.xcassets in Resources */ = {isa = PBXBuildFile; fileRef = AAC4140F1EB2BC7C005F1815 /* Assets.xcassets */; };
		AAC414131EB2BC7C005F1815 /* LaunchScreen.storyboard in Resources */ = {isa = PBXBuildFile; fileRef = AAC414111EB2BC7C005F1815 /* LaunchScreen.storyboard */; };
		AAC4141E1EB2BC7C005F1815 /* WDYZBTests.swift in Sources */ = {isa = PBXBuildFile; fileRef = AAC4141D1EB2BC7C005F1815 /* WDYZBTests.swift */; };
		AAC414291EB2BC7D005F1815 /* WDYZBUITests.swift in Sources */ = {isa = PBXBuildFile; fileRef = AAC414281EB2BC7D005F1815 /* WDYZBUITests.swift */; };
/* End PBXBuildFile section */

/* Begin PBXContainerItemProxy section */
		AAC4141A1EB2BC7C005F1815 /* PBXContainerItemProxy */ = {
			isa = PBXContainerItemProxy;
			containerPortal = AAC413FA1EB2BC7C005F1815 /* Project object */;
			proxyType = 1;
			remoteGlobalIDString = AAC414011EB2BC7C005F1815;
			remoteInfo = WDYZB;
		};
		AAC414251EB2BC7C005F1815 /* PBXContainerItemProxy */ = {
			isa = PBXContainerItemProxy;
			containerPortal = AAC413FA1EB2BC7C005F1815 /* Project object */;
			proxyType = 1;
			remoteGlobalIDString = AAC414011EB2BC7C005F1815;
			remoteInfo = WDYZB;
		};
/* End PBXContainerItemProxy section */

/* Begin PBXFileReference section */
		3372CECA0D055CA1FA2BDBA6 /* Pods_WDYZB.framework */ = {isa = PBXFileReference; explicitFileType = wrapper.framework; includeInIndex = 0; path = Pods_WDYZB.framework; sourceTree = BUILT_PRODUCTS_DIR; };
		3F2E5A3C91FFC52407A4B2A3 /* Pods-WDYZB.debug.xcconfig */ = {isa = PBXFileReference; includeInIndex = 1; lastKnownFileType = text.xcconfig; name = "Pods-WDYZB.debug.xcconfig"; path = "Pods/Target Support Files/Pods-WDYZB/Pods-WDYZB.debug.xcconfig"; sourceTree = "<group>"; };
		AA1078B61ECE643D00F806E9 /* RecommendViewModel.swift */ = {isa = PBXFileReference; fileEncoding = 4; lastKnownFileType = sourcecode.swift; path = RecommendViewModel.swift; sourceTree = "<group>"; };
		AA1078B81ECE67C900F806E9 /* NSDate-Extension.swift */ = {isa = PBXFileReference; fileEncoding = 4; lastKnownFileType = sourcecode.swift; name = "NSDate-Extension.swift"; path = "WDYZB/Classes/Home/NSDate-Extension.swift"; sourceTree = SOURCE_ROOT; };
		AA39A1A61EBEEA4400CCE926 /* RecommendViewController.swift */ = {isa = PBXFileReference; fileEncoding = 4; lastKnownFileType = sourcecode.swift; path = RecommendViewController.swift; sourceTree = "<group>"; };
		AA39A1A81EBF5ECF00CCE926 /* CollectionHeaderView.swift */ = {isa = PBXFileReference; fileEncoding = 4; lastKnownFileType = sourcecode.swift; name = CollectionHeaderView.swift; path = WDYZB/Classes/Home/Controller/CollectionHeaderView.swift; sourceTree = SOURCE_ROOT; };
		AA39A1A91EBF5ECF00CCE926 /* CollectionHeaderView.xib */ = {isa = PBXFileReference; fileEncoding = 4; lastKnownFileType = file.xib; name = CollectionHeaderView.xib; path = WDYZB/Classes/Home/Controller/CollectionHeaderView.xib; sourceTree = SOURCE_ROOT; };
		AA39A1AC1EBF797B00CCE926 /* CollectionNormalCell.swift */ = {isa = PBXFileReference; fileEncoding = 4; lastKnownFileType = sourcecode.swift; name = CollectionNormalCell.swift; path = WDYZB/Classes/Main/CollectionNormalCell.swift; sourceTree = SOURCE_ROOT; };
		AA39A1AD1EBF797B00CCE926 /* CollectionNormalCell.xib */ = {isa = PBXFileReference; fileEncoding = 4; lastKnownFileType = file.xib; name = CollectionNormalCell.xib; path = WDYZB/Classes/Main/CollectionNormalCell.xib; sourceTree = SOURCE_ROOT; };
		AA3B72851EC213F20028792C /* CollectionPrettyCell.swift */ = {isa = PBXFileReference; fileEncoding = 4; lastKnownFileType = sourcecode.swift; name = CollectionPrettyCell.swift; path = WDYZB/Classes/Main/CollectionPrettyCell.swift; sourceTree = SOURCE_ROOT; };
		AA3B72861EC213F20028792C /* CollectionPrettyCell.xib */ = {isa = PBXFileReference; fileEncoding = 4; lastKnownFileType = file.xib; name = CollectionPrettyCell.xib; path = WDYZB/Classes/Main/CollectionPrettyCell.xib; sourceTree = SOURCE_ROOT; };
		AA3B728B1EC3C9330028792C /* NetworkTools.swift */ = {isa = PBXFileReference; fileEncoding = 4; lastKnownFileType = sourcecode.swift; name = NetworkTools.swift; path = WDYZB/Classes/Home/NetworkTools.swift; sourceTree = SOURCE_ROOT; };
		AA4681901EB8C63000484748 /* PageTitleView.swift */ = {isa = PBXFileReference; fileEncoding = 4; lastKnownFileType = sourcecode.swift; name = PageTitleView.swift; path = WDYZB/Classes/Main/PageTitleView.swift; sourceTree = SOURCE_ROOT; };
		AA4681931EB8D39D00484748 /* UIBarButtonItem-Extension.swift */ = {isa = PBXFileReference; fileEncoding = 4; lastKnownFileType = sourcecode.swift; name = "UIBarButtonItem-Extension.swift"; path = "WDYZB/Classes/UIBarButtonItem-Extension.swift"; sourceTree = SOURCE_ROOT; };
		AA4681951EB8DD7400484748 /* Common.swift */ = {isa = PBXFileReference; fileEncoding = 4; lastKnownFileType = sourcecode.swift; name = Common.swift; path = WDYZB/Classes/Common.swift; sourceTree = SOURCE_ROOT; };
		AA4681991EBBE11300484748 /* UIColor-Extension.swift */ = {isa = PBXFileReference; fileEncoding = 4; lastKnownFileType = sourcecode.swift; name = "UIColor-Extension.swift"; path = "WDYZB/Classes/UIColor-Extension.swift"; sourceTree = SOURCE_ROOT; };
		AA46819B1EBBE9CE00484748 /* PageContentView.swift */ = {isa = PBXFileReference; fileEncoding = 4; lastKnownFileType = sourcecode.swift; name = PageContentView.swift; path = WDYZB/Classes/Main/PageContentView.swift; sourceTree = SOURCE_ROOT; };
		AA74DA5E1EB327C300D373C4 /* Base */ = {isa = PBXFileReference; lastKnownFileType = file.storyboard; name = Base; path = WDYZB/Base.lproj/Home.storyboard; sourceTree = SOURCE_ROOT; };
		AA74DA601EB327FC00D373C4 /* Live.storyboard */ = {isa = PBXFileReference; fileEncoding = 4; lastKnownFileType = file.storyboard; name = Live.storyboard; path = ../Main/Live.storyboard; sourceTree = "<group>"; };
		AA74DA651EB328B100D373C4 /* Follow.storyboard */ = {isa = PBXFileReference; fileEncoding = 4; lastKnownFileType = file.storyboard; name = Follow.storyboard; path = ../Main/Follow.storyboard; sourceTree = "<group>"; };
		AA74DA681EB328E100D373C4 /* Base */ = {isa = PBXFileReference; lastKnownFileType = file.storyboard; name = Base; path = WDYZB/Base.lproj/Profile.storyboard; sourceTree = SOURCE_ROOT; };
		AA74DA701EB3949900D373C4 /* MainViewController.swift */ = {isa = PBXFileReference; fileEncoding = 4; lastKnownFileType = sourcecode.swift; path = MainViewController.swift; sourceTree = "<group>"; };
		AA74DA741EB3953800D373C4 /* HomeViewController.swift */ = {isa = PBXFileReference; fileEncoding = 4; lastKnownFileType = sourcecode.swift; path = HomeViewController.swift; sourceTree = "<group>"; };
		AAC414021EB2BC7C005F1815 /* WDYZB.app */ = {isa = PBXFileReference; explicitFileType = wrapper.application; includeInIndex = 0; path = WDYZB.app; sourceTree = BUILT_PRODUCTS_DIR; };
		AAC414051EB2BC7C005F1815 /* AppDelegate.swift */ = {isa = PBXFileReference; lastKnownFileType = sourcecode.swift; path = AppDelegate.swift; sourceTree = "<group>"; };
		AAC4140A1EB2BC7C005F1815 /* Base */ = {isa = PBXFileReference; lastKnownFileType = file.storyboard; name = Base; path = Base.lproj/Main.storyboard; sourceTree = "<group>"; };
		AAC4140D1EB2BC7C005F1815 /* WDYZB.xcdatamodel */ = {isa = PBXFileReference; lastKnownFileType = wrapper.xcdatamodel; path = WDYZB.xcdatamodel; sourceTree = "<group>"; };
		AAC4140F1EB2BC7C005F1815 /* Assets.xcassets */ = {isa = PBXFileReference; lastKnownFileType = folder.assetcatalog; path = Assets.xcassets; sourceTree = "<group>"; };
		AAC414121EB2BC7C005F1815 /* Base */ = {isa = PBXFileReference; lastKnownFileType = file.storyboard; name = Base; path = Base.lproj/LaunchScreen.storyboard; sourceTree = "<group>"; };
		AAC414141EB2BC7C005F1815 /* Info.plist */ = {isa = PBXFileReference; lastKnownFileType = text.plist.xml; path = Info.plist; sourceTree = "<group>"; };
		AAC414191EB2BC7C005F1815 /* WDYZBTests.xctest */ = {isa = PBXFileReference; explicitFileType = wrapper.cfbundle; includeInIndex = 0; path = WDYZBTests.xctest; sourceTree = BUILT_PRODUCTS_DIR; };
		AAC4141D1EB2BC7C005F1815 /* WDYZBTests.swift */ = {isa = PBXFileReference; lastKnownFileType = sourcecode.swift; path = WDYZBTests.swift; sourceTree = "<group>"; };
		AAC4141F1EB2BC7C005F1815 /* Info.plist */ = {isa = PBXFileReference; lastKnownFileType = text.plist.xml; path = Info.plist; sourceTree = "<group>"; };
		AAC414241EB2BC7C005F1815 /* WDYZBUITests.xctest */ = {isa = PBXFileReference; explicitFileType = wrapper.cfbundle; includeInIndex = 0; path = WDYZBUITests.xctest; sourceTree = BUILT_PRODUCTS_DIR; };
		AAC414281EB2BC7D005F1815 /* WDYZBUITests.swift */ = {isa = PBXFileReference; lastKnownFileType = sourcecode.swift; path = WDYZBUITests.swift; sourceTree = "<group>"; };
		AAC4142A1EB2BC7D005F1815 /* Info.plist */ = {isa = PBXFileReference; lastKnownFileType = text.plist.xml; path = Info.plist; sourceTree = "<group>"; };
		BFA2E6B039D60016E95050A7 /* Pods-WDYZB.release.xcconfig */ = {isa = PBXFileReference; includeInIndex = 1; lastKnownFileType = text.xcconfig; name = "Pods-WDYZB.release.xcconfig"; path = "Pods/Target Support Files/Pods-WDYZB/Pods-WDYZB.release.xcconfig"; sourceTree = "<group>"; };
/* End PBXFileReference section */

/* Begin PBXFrameworksBuildPhase section */
		AAC413FF1EB2BC7C005F1815 /* Frameworks */ = {
			isa = PBXFrameworksBuildPhase;
			buildActionMask = 2147483647;
			files = (
				0BCF989D21697016E00AE76E /* Pods_WDYZB.framework in Frameworks */,
			);
			runOnlyForDeploymentPostprocessing = 0;
		};
		AAC414161EB2BC7C005F1815 /* Frameworks */ = {
			isa = PBXFrameworksBuildPhase;
			buildActionMask = 2147483647;
			files = (
			);
			runOnlyForDeploymentPostprocessing = 0;
		};
		AAC414211EB2BC7C005F1815 /* Frameworks */ = {
			isa = PBXFrameworksBuildPhase;
			buildActionMask = 2147483647;
			files = (
			);
			runOnlyForDeploymentPostprocessing = 0;
		};
/* End PBXFrameworksBuildPhase section */

/* Begin PBXGroup section */
		99104FB089C078E542419FAC /* Frameworks */ = {
			isa = PBXGroup;
			children = (
				3372CECA0D055CA1FA2BDBA6 /* Pods_WDYZB.framework */,
			);
			name = Frameworks;
			sourceTree = "<group>";
		};
		A28171291BBA1C88A3A78B29 /* Pods */ = {
			isa = PBXGroup;
			children = (
				3F2E5A3C91FFC52407A4B2A3 /* Pods-WDYZB.debug.xcconfig */,
				BFA2E6B039D60016E95050A7 /* Pods-WDYZB.release.xcconfig */,
			);
			name = Pods;
			sourceTree = "<group>";
		};
		AA1078B21ECE5E8500F806E9 /* ViewModel */ = {
			isa = PBXGroup;
			children = (
			);
			path = ViewModel;
			sourceTree = "<group>";
		};
		AA1078B31ECE5EDC00F806E9 /* ViewModel */ = {
			isa = PBXGroup;
			children = (
				AA1078B61ECE643D00F806E9 /* RecommendViewModel.swift */,
			);
			path = ViewModel;
			sourceTree = "<group>";
		};
		AA4681921EB8CB8500484748 /* Extension */ = {
			isa = PBXGroup;
			children = (
				AA4681931EB8D39D00484748 /* UIBarButtonItem-Extension.swift */,
				AA4681991EBBE11300484748 /* UIColor-Extension.swift */,
				AA1078B81ECE67C900F806E9 /* NSDate-Extension.swift */,
			);
			name = Extension;
			path = ../../../../../../Downloads/Extension;
			sourceTree = "<group>";
		};
		AA74DA561EB319F700D373C4 /* Classes */ = {
			isa = PBXGroup;
			children = (
				AA74DA5A1EB319F700D373C4 /* Main */,
				AA74DA581EB319F700D373C4 /* Home */,
				AA74DA591EB319F700D373C4 /* Live */,
				AA74DA571EB319F700D373C4 /* Follow */,
				AA74DA5B1EB319F700D373C4 /* Profile */,
				AA74DA5C1EB319F700D373C4 /* Tools */,
			);
			path = Classes;
			sourceTree = "<group>";
		};
		AA74DA571EB319F700D373C4 /* Follow */ = {
			isa = PBXGroup;
			children = (
				AA74DA651EB328B100D373C4 /* Follow.storyboard */,
			);
			path = Follow;
			sourceTree = "<group>";
		};
		AA74DA581EB319F700D373C4 /* Home */ = {
			isa = PBXGroup;
			children = (
				AA1078B31ECE5EDC00F806E9 /* ViewModel */,
				AA74DA6C1EB3927400D373C4 /* Controller */,
				AA74DA6D1EB3927400D373C4 /* Model */,
				AA74DA6E1EB3927400D373C4 /* View */,
			);
			path = Home;
			sourceTree = "<group>";
		};
		AA74DA591EB319F700D373C4 /* Live */ = {
			isa = PBXGroup;
			children = (
				AA74DA601EB327FC00D373C4 /* Live.storyboard */,
			);
			path = Live;
			sourceTree = "<group>";
		};
		AA74DA5A1EB319F700D373C4 /* Main */ = {
			isa = PBXGroup;
			children = (
				AA1078B21ECE5E8500F806E9 /* ViewModel */,
				AA74DA711EB3949900D373C4 /* Model */,
				AA74DA721EB3949900D373C4 /* View */,
				AA74DA6F1EB3949900D373C4 /* Controller */,
			);
			path = Main;
			sourceTree = "<group>";
		};
		AA74DA5B1EB319F700D373C4 /* Profile */ = {
			isa = PBXGroup;
			children = (
				AA74DA671EB328E100D373C4 /* Profile.storyboard */,
			);
			path = Profile;
			sourceTree = "<group>";
		};
		AA74DA5C1EB319F700D373C4 /* Tools */ = {
			isa = PBXGroup;
			children = (
				AA4681921EB8CB8500484748 /* Extension */,
				AA4681951EB8DD7400484748 /* Common.swift */,
				AA3B728B1EC3C9330028792C /* NetworkTools.swift */,
			);
			path = Tools;
			sourceTree = "<group>";
		};
		AA74DA6C1EB3927400D373C4 /* Controller */ = {
			isa = PBXGroup;
			children = (
				AA74DA5D1EB327C300D373C4 /* Home.storyboard */,
				AA74DA741EB3953800D373C4 /* HomeViewController.swift */,
				AA39A1A61EBEEA4400CCE926 /* RecommendViewController.swift */,
			);
			path = Controller;
			sourceTree = "<group>";
		};
		AA74DA6D1EB3927400D373C4 /* Model */ = {
			isa = PBXGroup;
			children = (
			);
			path = Model;
			sourceTree = "<group>";
		};
		AA74DA6E1EB3927400D373C4 /* View */ = {
			isa = PBXGroup;
			children = (
				AA39A1A81EBF5ECF00CCE926 /* CollectionHeaderView.swift */,
				AA39A1A91EBF5ECF00CCE926 /* CollectionHeaderView.xib */,
			);
			path = View;
			sourceTree = "<group>";
		};
		AA74DA6F1EB3949900D373C4 /* Controller */ = {
			isa = PBXGroup;
			children = (
				AAC414091EB2BC7C005F1815 /* Main.storyboard */,
				AA74DA701EB3949900D373C4 /* MainViewController.swift */,
			);
			path = Controller;
			sourceTree = "<group>";
		};
		AA74DA711EB3949900D373C4 /* Model */ = {
			isa = PBXGroup;
			children = (
			);
			path = Model;
			sourceTree = "<group>";
		};
		AA74DA721EB3949900D373C4 /* View */ = {
			isa = PBXGroup;
			children = (
				AA4681901EB8C63000484748 /* PageTitleView.swift */,
				AA46819B1EBBE9CE00484748 /* PageContentView.swift */,
				AA39A1AC1EBF797B00CCE926 /* CollectionNormalCell.swift */,
				AA39A1AD1EBF797B00CCE926 /* CollectionNormalCell.xib */,
				AA3B72851EC213F20028792C /* CollectionPrettyCell.swift */,
				AA3B72861EC213F20028792C /* CollectionPrettyCell.xib */,
			);
			path = View;
			sourceTree = "<group>";
		};
		AAC413F91EB2BC7C005F1815 = {
			isa = PBXGroup;
			children = (
				AAC414041EB2BC7C005F1815 /* WDYZB */,
				AAC4141C1EB2BC7C005F1815 /* WDYZBTests */,
				AAC414271EB2BC7C005F1815 /* WDYZBUITests */,
				AAC414031EB2BC7C005F1815 /* Products */,
				A28171291BBA1C88A3A78B29 /* Pods */,
				99104FB089C078E542419FAC /* Frameworks */,
			);
			sourceTree = "<group>";
		};
		AAC414031EB2BC7C005F1815 /* Products */ = {
			isa = PBXGroup;
			children = (
				AAC414021EB2BC7C005F1815 /* WDYZB.app */,
				AAC414191EB2BC7C005F1815 /* WDYZBTests.xctest */,
				AAC414241EB2BC7C005F1815 /* WDYZBUITests.xctest */,
			);
			name = Products;
			sourceTree = "<group>";
		};
		AAC414041EB2BC7C005F1815 /* WDYZB */ = {
			isa = PBXGroup;
			children = (
				AA74DA561EB319F700D373C4 /* Classes */,
				AAC414051EB2BC7C005F1815 /* AppDelegate.swift */,
				AAC4140F1EB2BC7C005F1815 /* Assets.xcassets */,
				AAC414111EB2BC7C005F1815 /* LaunchScreen.storyboard */,
				AAC414141EB2BC7C005F1815 /* Info.plist */,
				AAC4140C1EB2BC7C005F1815 /* WDYZB.xcdatamodeld */,
			);
			path = WDYZB;
			sourceTree = "<group>";
		};
		AAC4141C1EB2BC7C005F1815 /* WDYZBTests */ = {
			isa = PBXGroup;
			children = (
				AAC4141D1EB2BC7C005F1815 /* WDYZBTests.swift */,
				AAC4141F1EB2BC7C005F1815 /* Info.plist */,
			);
			path = WDYZBTests;
			sourceTree = "<group>";
		};
		AAC414271EB2BC7C005F1815 /* WDYZBUITests */ = {
			isa = PBXGroup;
			children = (
				AAC414281EB2BC7D005F1815 /* WDYZBUITests.swift */,
				AAC4142A1EB2BC7D005F1815 /* Info.plist */,
			);
			path = WDYZBUITests;
			sourceTree = "<group>";
		};
/* End PBXGroup section */

/* Begin PBXNativeTarget section */
		AAC414011EB2BC7C005F1815 /* WDYZB */ = {
			isa = PBXNativeTarget;
			buildConfigurationList = AAC4142D1EB2BC7D005F1815 /* Build configuration list for PBXNativeTarget "WDYZB" */;
			buildPhases = (
				6A2338971DD0939DDC9DFA5F /* [CP] Check Pods Manifest.lock */,
				AAC413FE1EB2BC7C005F1815 /* Sources */,
				AAC413FF1EB2BC7C005F1815 /* Frameworks */,
				AAC414001EB2BC7C005F1815 /* Resources */,
				C0D6FEFE6078A54BD45AE61F /* [CP] Embed Pods Frameworks */,
				7B76A0DE7928261956C25721 /* [CP] Copy Pods Resources */,
			);
			buildRules = (
			);
			dependencies = (
			);
			name = WDYZB;
			productName = WDYZB;
			productReference = AAC414021EB2BC7C005F1815 /* WDYZB.app */;
			productType = "com.apple.product-type.application";
		};
		AAC414181EB2BC7C005F1815 /* WDYZBTests */ = {
			isa = PBXNativeTarget;
			buildConfigurationList = AAC414301EB2BC7D005F1815 /* Build configuration list for PBXNativeTarget "WDYZBTests" */;
			buildPhases = (
				AAC414151EB2BC7C005F1815 /* Sources */,
				AAC414161EB2BC7C005F1815 /* Frameworks */,
				AAC414171EB2BC7C005F1815 /* Resources */,
			);
			buildRules = (
			);
			dependencies = (
				AAC4141B1EB2BC7C005F1815 /* PBXTargetDependency */,
			);
			name = WDYZBTests;
			productName = WDYZBTests;
			productReference = AAC414191EB2BC7C005F1815 /* WDYZBTests.xctest */;
			productType = "com.apple.product-type.bundle.unit-test";
		};
		AAC414231EB2BC7C005F1815 /* WDYZBUITests */ = {
			isa = PBXNativeTarget;
			buildConfigurationList = AAC414331EB2BC7D005F1815 /* Build configuration list for PBXNativeTarget "WDYZBUITests" */;
			buildPhases = (
				AAC414201EB2BC7C005F1815 /* Sources */,
				AAC414211EB2BC7C005F1815 /* Frameworks */,
				AAC414221EB2BC7C005F1815 /* Resources */,
			);
			buildRules = (
			);
			dependencies = (
				AAC414261EB2BC7C005F1815 /* PBXTargetDependency */,
			);
			name = WDYZBUITests;
			productName = WDYZBUITests;
			productReference = AAC414241EB2BC7C005F1815 /* WDYZBUITests.xctest */;
			productType = "com.apple.product-type.bundle.ui-testing";
		};
/* End PBXNativeTarget section */

/* Begin PBXProject section */
		AAC413FA1EB2BC7C005F1815 /* Project object */ = {
			isa = PBXProject;
			attributes = {
				LastSwiftUpdateCheck = 0820;
				LastUpgradeCheck = 0820;
				ORGANIZATIONNAME = vincentwen;
				TargetAttributes = {
					AAC414011EB2BC7C005F1815 = {
						CreatedOnToolsVersion = 8.2.1;
						ProvisioningStyle = Automatic;
					};
					AAC414181EB2BC7C005F1815 = {
						CreatedOnToolsVersion = 8.2.1;
						ProvisioningStyle = Automatic;
						TestTargetID = AAC414011EB2BC7C005F1815;
					};
					AAC414231EB2BC7C005F1815 = {
						CreatedOnToolsVersion = 8.2.1;
						ProvisioningStyle = Automatic;
						TestTargetID = AAC414011EB2BC7C005F1815;
					};
				};
			};
			buildConfigurationList = AAC413FD1EB2BC7C005F1815 /* Build configuration list for PBXProject "WDYZB" */;
			compatibilityVersion = "Xcode 3.2";
			developmentRegion = English;
			hasScannedForEncodings = 0;
			knownRegions = (
				en,
				Base,
			);
			mainGroup = AAC413F91EB2BC7C005F1815;
			productRefGroup = AAC414031EB2BC7C005F1815 /* Products */;
			projectDirPath = "";
			projectRoot = "";
			targets = (
				AAC414011EB2BC7C005F1815 /* WDYZB */,
				AAC414181EB2BC7C005F1815 /* WDYZBTests */,
				AAC414231EB2BC7C005F1815 /* WDYZBUITests */,
			);
		};
/* End PBXProject section */

/* Begin PBXResourcesBuildPhase section */
		AAC414001EB2BC7C005F1815 /* Resources */ = {
			isa = PBXResourcesBuildPhase;
			buildActionMask = 2147483647;
			files = (
				AAC414131EB2BC7C005F1815 /* LaunchScreen.storyboard in Resources */,
				AA39A1AB1EBF5ED000CCE926 /* CollectionHeaderView.xib in Resources */,
				AA39A1AF1EBF797B00CCE926 /* CollectionNormalCell.xib in Resources */,
				AAC414101EB2BC7C005F1815 /* Assets.xcassets in Resources */,
				AAC4140B1EB2BC7C005F1815 /* Main.storyboard in Resources */,
				AA74DA611EB327FC00D373C4 /* Live.storyboard in Resources */,
				AA74DA661EB328B100D373C4 /* Follow.storyboard in Resources */,
				AA3B72881EC213F20028792C /* CollectionPrettyCell.xib in Resources */,
				AA74DA691EB328E100D373C4 /* Profile.storyboard in Resources */,
				AA74DA5F1EB327C300D373C4 /* Home.storyboard in Resources */,
			);
			runOnlyForDeploymentPostprocessing = 0;
		};
		AAC414171EB2BC7C005F1815 /* Resources */ = {
			isa = PBXResourcesBuildPhase;
			buildActionMask = 2147483647;
			files = (
			);
			runOnlyForDeploymentPostprocessing = 0;
		};
		AAC414221EB2BC7C005F1815 /* Resources */ = {
			isa = PBXResourcesBuildPhase;
			buildActionMask = 2147483647;
			files = (
			);
			runOnlyForDeploymentPostprocessing = 0;
		};
/* End PBXResourcesBuildPhase section */

/* Begin PBXShellScriptBuildPhase section */
		6A2338971DD0939DDC9DFA5F /* [CP] Check Pods Manifest.lock */ = {
			isa = PBXShellScriptBuildPhase;
			buildActionMask = 2147483647;
			files = (
			);
			inputPaths = (
			);
			name = "[CP] Check Pods Manifest.lock";
			outputPaths = (
			);
			runOnlyForDeploymentPostprocessing = 0;
			shellPath = /bin/sh;
			shellScript = "diff \"${PODS_ROOT}/../Podfile.lock\" \"${PODS_ROOT}/Manifest.lock\" > /dev/null\nif [ $? != 0 ] ; then\n    # print error to STDERR\n    echo \"error: The sandbox is not in sync with the Podfile.lock. Run 'pod install' or update your CocoaPods installation.\" >&2\n    exit 1\nfi\n";
			showEnvVarsInLog = 0;
		};
		7B76A0DE7928261956C25721 /* [CP] Copy Pods Resources */ = {
			isa = PBXShellScriptBuildPhase;
			buildActionMask = 2147483647;
			files = (
			);
			inputPaths = (
			);
			name = "[CP] Copy Pods Resources";
			outputPaths = (
			);
			runOnlyForDeploymentPostprocessing = 0;
			shellPath = /bin/sh;
			shellScript = "\"${SRCROOT}/Pods/Target Support Files/Pods-WDYZB/Pods-WDYZB-resources.sh\"\n";
			showEnvVarsInLog = 0;
		};
		C0D6FEFE6078A54BD45AE61F /* [CP] Embed Pods Frameworks */ = {
			isa = PBXShellScriptBuildPhase;
			buildActionMask = 2147483647;
			files = (
			);
			inputPaths = (
			);
			name = "[CP] Embed Pods Frameworks";
			outputPaths = (
			);
			runOnlyForDeploymentPostprocessing = 0;
			shellPath = /bin/sh;
			shellScript = "\"${SRCROOT}/Pods/Target Support Files/Pods-WDYZB/Pods-WDYZB-frameworks.sh\"\n";
			showEnvVarsInLog = 0;
		};
/* End PBXShellScriptBuildPhase section */

/* Begin PBXSourcesBuildPhase section */
		AAC413FE1EB2BC7C005F1815 /* Sources */ = {
			isa = PBXSourcesBuildPhase;
			buildActionMask = 2147483647;
			files = (
				AA3B728C1EC3C9330028792C /* NetworkTools.swift in Sources */,
				AA74DA731EB3949900D373C4 /* MainViewController.swift in Sources */,
				AA39A1AA1EBF5ECF00CCE926 /* CollectionHeaderView.swift in Sources */,
				AA46819C1EBBE9CE00484748 /* PageContentView.swift in Sources */,
				AA4681941EB8D39D00484748 /* UIBarButtonItem-Extension.swift in Sources */,
				AAC414061EB2BC7C005F1815 /* AppDelegate.swift in Sources */,
				AA46819A1EBBE11300484748 /* UIColor-Extension.swift in Sources */,
				AA4681911EB8C63000484748 /* PageTitleView.swift in Sources */,
				AAC4140E1EB2BC7C005F1815 /* WDYZB.xcdatamodeld in Sources */,
				AA74DA751EB3953800D373C4 /* HomeViewController.swift in Sources */,
				AA1078B91ECE67C900F806E9 /* NSDate-Extension.swift in Sources */,
				AA4681961EB8DD7400484748 /* Common.swift in Sources */,
				AA3B72871EC213F20028792C /* CollectionPrettyCell.swift in Sources */,
				AA39A1AE1EBF797B00CCE926 /* CollectionNormalCell.swift in Sources */,
				AA1078B71ECE643D00F806E9 /* RecommendViewModel.swift in Sources */,
				AA39A1A71EBEEA4400CCE926 /* RecommendViewController.swift in Sources */,
			);
			runOnlyForDeploymentPostprocessing = 0;
		};
		AAC414151EB2BC7C005F1815 /* Sources */ = {
			isa = PBXSourcesBuildPhase;
			buildActionMask = 2147483647;
			files = (
				AAC4141E1EB2BC7C005F1815 /* WDYZBTests.swift in Sources */,
			);
			runOnlyForDeploymentPostprocessing = 0;
		};
		AAC414201EB2BC7C005F1815 /* Sources */ = {
			isa = PBXSourcesBuildPhase;
			buildActionMask = 2147483647;
			files = (
				AAC414291EB2BC7D005F1815 /* WDYZBUITests.swift in Sources */,
			);
			runOnlyForDeploymentPostprocessing = 0;
		};
/* End PBXSourcesBuildPhase section */

/* Begin PBXTargetDependency section */
		AAC4141B1EB2BC7C005F1815 /* PBXTargetDependency */ = {
			isa = PBXTargetDependency;
			target = AAC414011EB2BC7C005F1815 /* WDYZB */;
			targetProxy = AAC4141A1EB2BC7C005F1815 /* PBXContainerItemProxy */;
		};
		AAC414261EB2BC7C005F1815 /* PBXTargetDependency */ = {
			isa = PBXTargetDependency;
			target = AAC414011EB2BC7C005F1815 /* WDYZB */;
			targetProxy = AAC414251EB2BC7C005F1815 /* PBXContainerItemProxy */;
		};
/* End PBXTargetDependency section */

/* Begin PBXVariantGroup section */
		AA74DA5D1EB327C300D373C4 /* Home.storyboard */ = {
			isa = PBXVariantGroup;
			children = (
				AA74DA5E1EB327C300D373C4 /* Base */,
			);
			name = Home.storyboard;
			path = ../../Main;
			sourceTree = "<group>";
		};
		AA74DA671EB328E100D373C4 /* Profile.storyboard */ = {
			isa = PBXVariantGroup;
			children = (
				AA74DA681EB328E100D373C4 /* Base */,
			);
			name = Profile.storyboard;
			path = ../Main;
			sourceTree = "<group>";
		};
		AAC414091EB2BC7C005F1815 /* Main.storyboard */ = {
			isa = PBXVariantGroup;
			children = (
				AAC4140A1EB2BC7C005F1815 /* Base */,
			);
			name = Main.storyboard;
			path = ../../..;
			sourceTree = "<group>";
		};
		AAC414111EB2BC7C005F1815 /* LaunchScreen.storyboard */ = {
			isa = PBXVariantGroup;
			children = (
				AAC414121EB2BC7C005F1815 /* Base */,
			);
			name = LaunchScreen.storyboard;
			sourceTree = "<group>";
		};
/* End PBXVariantGroup section */

/* Begin XCBuildConfiguration section */
		AAC4142B1EB2BC7D005F1815 /* Debug */ = {
			isa = XCBuildConfiguration;
			buildSettings = {
				ALWAYS_SEARCH_USER_PATHS = NO;
				CLANG_ANALYZER_NONNULL = YES;
				CLANG_CXX_LANGUAGE_STANDARD = "gnu++0x";
				CLANG_CXX_LIBRARY = "libc++";
				CLANG_ENABLE_MODULES = YES;
				CLANG_ENABLE_OBJC_ARC = YES;
				CLANG_WARN_BOOL_CONVERSION = YES;
				CLANG_WARN_CONSTANT_CONVERSION = YES;
				CLANG_WARN_DIRECT_OBJC_ISA_USAGE = YES_ERROR;
				CLANG_WARN_DOCUMENTATION_COMMENTS = YES;
				CLANG_WARN_EMPTY_BODY = YES;
				CLANG_WARN_ENUM_CONVERSION = YES;
				CLANG_WARN_INFINITE_RECURSION = YES;
				CLANG_WARN_INT_CONVERSION = YES;
				CLANG_WARN_OBJC_ROOT_CLASS = YES_ERROR;
				CLANG_WARN_SUSPICIOUS_MOVE = YES;
				CLANG_WARN_UNREACHABLE_CODE = YES;
				CLANG_WARN__DUPLICATE_METHOD_MATCH = YES;
				"CODE_SIGN_IDENTITY[sdk=iphoneos*]" = "iPhone Developer";
				COPY_PHASE_STRIP = NO;
				DEBUG_INFORMATION_FORMAT = dwarf;
				ENABLE_STRICT_OBJC_MSGSEND = YES;
				ENABLE_TESTABILITY = YES;
				GCC_C_LANGUAGE_STANDARD = gnu99;
				GCC_DYNAMIC_NO_PIC = NO;
				GCC_NO_COMMON_BLOCKS = YES;
				GCC_OPTIMIZATION_LEVEL = 0;
				GCC_PREPROCESSOR_DEFINITIONS = (
					"DEBUG=1",
					"$(inherited)",
				);
				GCC_WARN_64_TO_32_BIT_CONVERSION = YES;
				GCC_WARN_ABOUT_RETURN_TYPE = YES_ERROR;
				GCC_WARN_UNDECLARED_SELECTOR = YES;
				GCC_WARN_UNINITIALIZED_AUTOS = YES_AGGRESSIVE;
				GCC_WARN_UNUSED_FUNCTION = YES;
				GCC_WARN_UNUSED_VARIABLE = YES;
				IPHONEOS_DEPLOYMENT_TARGET = 10.2;
				MTL_ENABLE_DEBUG_INFO = YES;
				ONLY_ACTIVE_ARCH = YES;
				SDKROOT = iphoneos;
				SWIFT_ACTIVE_COMPILATION_CONDITIONS = DEBUG;
				SWIFT_OPTIMIZATION_LEVEL = "-Onone";
			};
			name = Debug;
		};
		AAC4142C1EB2BC7D005F1815 /* Release */ = {
			isa = XCBuildConfiguration;
			buildSettings = {
				ALWAYS_SEARCH_USER_PATHS = NO;
				CLANG_ANALYZER_NONNULL = YES;
				CLANG_CXX_LANGUAGE_STANDARD = "gnu++0x";
				CLANG_CXX_LIBRARY = "libc++";
				CLANG_ENABLE_MODULES = YES;
				CLANG_ENABLE_OBJC_ARC = YES;
				CLANG_WARN_BOOL_CONVERSION = YES;
				CLANG_WARN_CONSTANT_CONVERSION = YES;
				CLANG_WARN_DIRECT_OBJC_ISA_USAGE = YES_ERROR;
				CLANG_WARN_DOCUMENTATION_COMMENTS = YES;
				CLANG_WARN_EMPTY_BODY = YES;
				CLANG_WARN_ENUM_CONVERSION = YES;
				CLANG_WARN_INFINITE_RECURSION = YES;
				CLANG_WARN_INT_CONVERSION = YES;
				CLANG_WARN_OBJC_ROOT_CLASS = YES_ERROR;
				CLANG_WARN_SUSPICIOUS_MOVE = YES;
				CLANG_WARN_UNREACHABLE_CODE = YES;
				CLANG_WARN__DUPLICATE_METHOD_MATCH = YES;
				"CODE_SIGN_IDENTITY[sdk=iphoneos*]" = "iPhone Developer";
				COPY_PHASE_STRIP = NO;
				DEBUG_INFORMATION_FORMAT = "dwarf-with-dsym";
				ENABLE_NS_ASSERTIONS = NO;
				ENABLE_STRICT_OBJC_MSGSEND = YES;
				GCC_C_LANGUAGE_STANDARD = gnu99;
				GCC_NO_COMMON_BLOCKS = YES;
				GCC_WARN_64_TO_32_BIT_CONVERSION = YES;
				GCC_WARN_ABOUT_RETURN_TYPE = YES_ERROR;
				GCC_WARN_UNDECLARED_SELECTOR = YES;
				GCC_WARN_UNINITIALIZED_AUTOS = YES_AGGRESSIVE;
				GCC_WARN_UNUSED_FUNCTION = YES;
				GCC_WARN_UNUSED_VARIABLE = YES;
				IPHONEOS_DEPLOYMENT_TARGET = 10.2;
				MTL_ENABLE_DEBUG_INFO = NO;
				SDKROOT = iphoneos;
				SWIFT_OPTIMIZATION_LEVEL = "-Owholemodule";
				VALIDATE_PRODUCT = YES;
			};
			name = Release;
		};
		AAC4142E1EB2BC7D005F1815 /* Debug */ = {
			isa = XCBuildConfiguration;
			baseConfigurationReference = 3F2E5A3C91FFC52407A4B2A3 /* Pods-WDYZB.debug.xcconfig */;
			buildSettings = {
				ASSETCATALOG_COMPILER_APPICON_NAME = AppIcon;
				ASSETCATALOG_COMPILER_LAUNCHIMAGE_NAME = LaunchImage;
				INFOPLIST_FILE = WDYZB/Info.plist;
				IPHONEOS_DEPLOYMENT_TARGET = 10.0;
				LD_RUNPATH_SEARCH_PATHS = "$(inherited) @executable_path/Frameworks";
				PRODUCT_BUNDLE_IDENTIFIER = vincent.WDYZB;
				PRODUCT_NAME = "$(TARGET_NAME)";
				SWIFT_VERSION = 3.0;
			};
			name = Debug;
		};
		AAC4142F1EB2BC7D005F1815 /* Release */ = {
			isa = XCBuildConfiguration;
			baseConfigurationReference = BFA2E6B039D60016E95050A7 /* Pods-WDYZB.release.xcconfig */;
			buildSettings = {
				ASSETCATALOG_COMPILER_APPICON_NAME = AppIcon;
				ASSETCATALOG_COMPILER_LAUNCHIMAGE_NAME = LaunchImage;
				INFOPLIST_FILE = WDYZB/Info.plist;
				IPHONEOS_DEPLOYMENT_TARGET = 10.0;
				LD_RUNPATH_SEARCH_PATHS = "$(inherited) @executable_path/Frameworks";
				PRODUCT_BUNDLE_IDENTIFIER = vincent.WDYZB;
				PRODUCT_NAME = "$(TARGET_NAME)";
				SWIFT_VERSION = 3.0;
			};
			name = Release;
		};
		AAC414311EB2BC7D005F1815 /* Debug */ = {
			isa = XCBuildConfiguration;
			buildSettings = {
				ALWAYS_EMBED_SWIFT_STANDARD_LIBRARIES = YES;
				BUNDLE_LOADER = "$(TEST_HOST)";
				INFOPLIST_FILE = WDYZBTests/Info.plist;
				LD_RUNPATH_SEARCH_PATHS = "$(inherited) @executable_path/Frameworks @loader_path/Frameworks";
				PRODUCT_BUNDLE_IDENTIFIER = vincent.WDYZBTests;
				PRODUCT_NAME = "$(TARGET_NAME)";
				SWIFT_VERSION = 3.0;
				TEST_HOST = "$(BUILT_PRODUCTS_DIR)/WDYZB.app/WDYZB";
			};
			name = Debug;
		};
		AAC414321EB2BC7D005F1815 /* Release */ = {
			isa = XCBuildConfiguration;
			buildSettings = {
				ALWAYS_EMBED_SWIFT_STANDARD_LIBRARIES = YES;
				BUNDLE_LOADER = "$(TEST_HOST)";
				INFOPLIST_FILE = WDYZBTests/Info.plist;
				LD_RUNPATH_SEARCH_PATHS = "$(inherited) @executable_path/Frameworks @loader_path/Frameworks";
				PRODUCT_BUNDLE_IDENTIFIER = vincent.WDYZBTests;
				PRODUCT_NAME = "$(TARGET_NAME)";
				SWIFT_VERSION = 3.0;
				TEST_HOST = "$(BUILT_PRODUCTS_DIR)/WDYZB.app/WDYZB";
			};
			name = Release;
		};
		AAC414341EB2BC7D005F1815 /* Debug */ = {
			isa = XCBuildConfiguration;
			buildSettings = {
				ALWAYS_EMBED_SWIFT_STANDARD_LIBRARIES = YES;
				INFOPLIST_FILE = WDYZBUITests/Info.plist;
				LD_RUNPATH_SEARCH_PATHS = "$(inherited) @executable_path/Frameworks @loader_path/Frameworks";
				PRODUCT_BUNDLE_IDENTIFIER = vincent.WDYZBUITests;
				PRODUCT_NAME = "$(TARGET_NAME)";
				SWIFT_VERSION = 3.0;
				TEST_TARGET_NAME = WDYZB;
			};
			name = Debug;
		};
		AAC414351EB2BC7D005F1815 /* Release */ = {
			isa = XCBuildConfiguration;
			buildSettings = {
				ALWAYS_EMBED_SWIFT_STANDARD_LIBRARIES = YES;
				INFOPLIST_FILE = WDYZBUITests/Info.plist;
				LD_RUNPATH_SEARCH_PATHS = "$(inherited) @executable_path/Frameworks @loader_path/Frameworks";
				PRODUCT_BUNDLE_IDENTIFIER = vincent.WDYZBUITests;
				PRODUCT_NAME = "$(TARGET_NAME)";
				SWIFT_VERSION = 3.0;
				TEST_TARGET_NAME = WDYZB;
			};
			name = Release;
		};
/* End XCBuildConfiguration section */

/* Begin XCConfigurationList section */
		AAC413FD1EB2BC7C005F1815 /* Build configuration list for PBXProject "WDYZB" */ = {
			isa = XCConfigurationList;
			buildConfigurations = (
				AAC4142B1EB2BC7D005F1815 /* Debug */,
				AAC4142C1EB2BC7D005F1815 /* Release */,
			);
			defaultConfigurationIsVisible = 0;
			defaultConfigurationName = Release;
		};
		AAC4142D1EB2BC7D005F1815 /* Build configuration list for PBXNativeTarget "WDYZB" */ = {
			isa = XCConfigurationList;
			buildConfigurations = (
				AAC4142E1EB2BC7D005F1815 /* Debug */,
				AAC4142F1EB2BC7D005F1815 /* Release */,
			);
			defaultConfigurationIsVisible = 0;
			defaultConfigurationName = Release;
		};
		AAC414301EB2BC7D005F1815 /* Build configuration list for PBXNativeTarget "WDYZBTests" */ = {
			isa = XCConfigurationList;
			buildConfigurations = (
				AAC414311EB2BC7D005F1815 /* Debug */,
				AAC414321EB2BC7D005F1815 /* Release */,
			);
			defaultConfigurationIsVisible = 0;
			defaultConfigurationName = Release;
		};
		AAC414331EB2BC7D005F1815 /* Build configuration list for PBXNativeTarget "WDYZBUITests" */ = {
			isa = XCConfigurationList;
			buildConfigurations = (
				AAC414341EB2BC7D005F1815 /* Debug */,
				AAC414351EB2BC7D005F1815 /* Release */,
			);
			defaultConfigurationIsVisible = 0;
			defaultConfigurationName = Release;
		};
/* End XCConfigurationList section */

/* Begin XCVersionGroup section */
		AAC4140C1EB2BC7C005F1815 /* WDYZB.xcdatamodeld */ = {
			isa = XCVersionGroup;
			children = (
				AAC4140D1EB2BC7C005F1815 /* WDYZB.xcdatamodel */,
			);
			currentVersion = AAC4140D1EB2BC7C005F1815 /* WDYZB.xcdatamodel */;
			path = WDYZB.xcdatamodeld;
			sourceTree = "<group>";
			versionGroupType = wrapper.xcdatamodel;
		};
/* End XCVersionGroup section */
	};
	rootObject = AAC413FA1EB2BC7C005F1815 /* Project object */;
}
